
Microsoft Visual Studio Solution File, Format Version 12.00
# Visual Studio Version 17
VisualStudioVersion = 17.0.31903.59
MinimumVisualStudioVersion = 10.0.40219.1
Project("{FAE04EC0-301F-11D3-BF4B-00C04F79EFBC}") = "API", "API\API.csproj", "{272ED544-4618-4A09-9D71-34AA0AA0DDC3}"
EndProject
Project("{FAE04EC0-301F-11D3-BF4B-00C04F79EFBC}") = "Application", "Application\Application.csproj", "{8B28D162-8AEE-4643-B5F8-66311C0FEDC6}"
EndProject
Project("{FAE04EC0-301F-11D3-BF4B-00C04F79EFBC}") = "Domain", "Domain\Domain.csproj", "{38A88A4B-64D4-4218-88F8-BB4C5FB0DB81}"
EndProject
Project("{FAE04EC0-301F-11D3-BF4B-00C04F79EFBC}") = "Persistence", "Persistence\Persistence.csproj", "{2D56DF34-6541-45EA-8ED0-A3A3D4FCBC59}"
EndProject
Project("{FAE04EC0-301F-11D3-BF4B-00C04F79EFBC}") = "Infrastructure", "Infrastructure\Infrastructure.csproj", "{5029B69A-A1B3-4042-A054-85853CFE6850}"
EndProject
Global
	GlobalSection(SolutionConfigurationPlatforms) = preSolution
		Debug|Any CPU = Debug|Any CPU
		Debug|x64 = Debug|x64
		Debug|x86 = Debug|x86
		Release|Any CPU = Release|Any CPU
		Release|x64 = Release|x64
		Release|x86 = Release|x86
	EndGlobalSection
	GlobalSection(ProjectConfigurationPlatforms) = postSolution
		{272ED544-4618-4A09-9D71-34AA0AA0DDC3}.Debug|Any CPU.ActiveCfg = Debug|Any CPU
		{272ED544-4618-4A09-9D71-34AA0AA0DDC3}.Debug|Any CPU.Build.0 = Debug|Any CPU
		{272ED544-4618-4A09-9D71-34AA0AA0DDC3}.Debug|x64.ActiveCfg = Debug|Any CPU
		{272ED544-4618-4A09-9D71-34AA0AA0DDC3}.Debug|x64.Build.0 = Debug|Any CPU
		{272ED544-4618-4A09-9D71-34AA0AA0DDC3}.Debug|x86.ActiveCfg = Debug|Any CPU
		{272ED544-4618-4A09-9D71-34AA0AA0DDC3}.Debug|x86.Build.0 = Debug|Any CPU
		{272ED544-4618-4A09-9D71-34AA0AA0DDC3}.Release|Any CPU.ActiveCfg = Release|Any CPU
		{272ED544-4618-4A09-9D71-34AA0AA0DDC3}.Release|Any CPU.Build.0 = Release|Any CPU
		{272ED544-4618-4A09-9D71-34AA0AA0DDC3}.Release|x64.ActiveCfg = Release|Any CPU
		{272ED544-4618-4A09-9D71-34AA0AA0DDC3}.Release|x64.Build.0 = Release|Any CPU
		{272ED544-4618-4A09-9D71-34AA0AA0DDC3}.Release|x86.ActiveCfg = Release|Any CPU
		{272ED544-4618-4A09-9D71-34AA0AA0DDC3}.Release|x86.Build.0 = Release|Any CPU
		{8B28D162-8AEE-4643-B5F8-66311C0FEDC6}.Debug|Any CPU.ActiveCfg = Debug|Any CPU
		{8B28D162-8AEE-4643-B5F8-66311C0FEDC6}.Debug|Any CPU.Build.0 = Debug|Any CPU
		{8B28D162-8AEE-4643-B5F8-66311C0FEDC6}.Debug|x64.ActiveCfg = Debug|Any CPU
		{8B28D162-8AEE-4643-B5F8-66311C0FEDC6}.Debug|x64.Build.0 = Debug|Any CPU
		{8B28D162-8AEE-4643-B5F8-66311C0FEDC6}.Debug|x86.ActiveCfg = Debug|Any CPU
		{8B28D162-8AEE-4643-B5F8-66311C0FEDC6}.Debug|x86.Build.0 = Debug|Any CPU
		{8B28D162-8AEE-4643-B5F8-66311C0FEDC6}.Release|Any CPU.ActiveCfg = Release|Any CPU
		{8B28D162-8AEE-4643-B5F8-66311C0FEDC6}.Release|Any CPU.Build.0 = Release|Any CPU
		{8B28D162-8AEE-4643-B5F8-66311C0FEDC6}.Release|x64.ActiveCfg = Release|Any CPU
		{8B28D162-8AEE-4643-B5F8-66311C0FEDC6}.Release|x64.Build.0 = Release|Any CPU
		{8B28D162-8AEE-4643-B5F8-66311C0FEDC6}.Release|x86.ActiveCfg = Release|Any CPU
		{8B28D162-8AEE-4643-B5F8-66311C0FEDC6}.Release|x86.Build.0 = Release|Any CPU
		{38A88A4B-64D4-4218-88F8-BB4C5FB0DB81}.Debug|Any CPU.ActiveCfg = Debug|Any CPU
		{38A88A4B-64D4-4218-88F8-BB4C5FB0DB81}.Debug|Any CPU.Build.0 = Debug|Any CPU
		{38A88A4B-64D4-4218-88F8-BB4C5FB0DB81}.Debug|x64.ActiveCfg = Debug|Any CPU
		{38A88A4B-64D4-4218-88F8-BB4C5FB0DB81}.Debug|x64.Build.0 = Debug|Any CPU
		{38A88A4B-64D4-4218-88F8-BB4C5FB0DB81}.Debug|x86.ActiveCfg = Debug|Any CPU
		{38A88A4B-64D4-4218-88F8-BB4C5FB0DB81}.Debug|x86.Build.0 = Debug|Any CPU
		{38A88A4B-64D4-4218-88F8-BB4C5FB0DB81}.Release|Any CPU.ActiveCfg = Release|Any CPU
		{38A88A4B-64D4-4218-88F8-BB4C5FB0DB81}.Release|Any CPU.Build.0 = Release|Any CPU
		{38A88A4B-64D4-4218-88F8-BB4C5FB0DB81}.Release|x64.ActiveCfg = Release|Any CPU
		{38A88A4B-64D4-4218-88F8-BB4C5FB0DB81}.Release|x64.Build.0 = Release|Any CPU
		{38A88A4B-64D4-4218-88F8-BB4C5FB0DB81}.Release|x86.ActiveCfg = Release|Any CPU
		{38A88A4B-64D4-4218-88F8-BB4C5FB0DB81}.Release|x86.Build.0 = Release|Any CPU
		{2D56DF34-6541-45EA-8ED0-A3A3D4FCBC59}.Debug|Any CPU.ActiveCfg = Debug|Any CPU
		{2D56DF34-6541-45EA-8ED0-A3A3D4FCBC59}.Debug|Any CPU.Build.0 = Debug|Any CPU
		{2D56DF34-6541-45EA-8ED0-A3A3D4FCBC59}.Debug|x64.ActiveCfg = Debug|Any CPU
		{2D56DF34-6541-45EA-8ED0-A3A3D4FCBC59}.Debug|x64.Build.0 = Debug|Any CPU
		{2D56DF34-6541-45EA-8ED0-A3A3D4FCBC59}.Debug|x86.ActiveCfg = Debug|Any CPU
		{2D56DF34-6541-45EA-8ED0-A3A3D4FCBC59}.Debug|x86.Build.0 = Debug|Any CPU
		{2D56DF34-6541-45EA-8ED0-A3A3D4FCBC59}.Release|Any CPU.ActiveCfg = Release|Any CPU
		{2D56DF34-6541-45EA-8ED0-A3A3D4FCBC59}.Release|Any CPU.Build.0 = Release|Any CPU
		{2D56DF34-6541-45EA-8ED0-A3A3D4FCBC59}.Release|x64.ActiveCfg = Release|Any CPU
		{2D56DF34-6541-45EA-8ED0-A3A3D4FCBC59}.Release|x64.Build.0 = Release|Any CPU
		{2D56DF34-6541-45EA-8ED0-A3A3D4FCBC59}.Release|x86.ActiveCfg = Release|Any CPU
		{2D56DF34-6541-45EA-8ED0-A3A3D4FCBC59}.Release|x86.Build.0 = Release|Any CPU
		{5029B69A-A1B3-4042-A054-85853CFE6850}.Debug|Any CPU.ActiveCfg = Debug|Any CPU
		{5029B69A-A1B3-4042-A054-85853CFE6850}.Debug|Any CPU.Build.0 = Debug|Any CPU
		{5029B69A-A1B3-4042-A054-85853CFE6850}.Debug|x64.ActiveCfg = Debug|Any CPU
		{5029B69A-A1B3-4042-A054-85853CFE6850}.Debug|x64.Build.0 = Debug|Any CPU
		{5029B69A-A1B3-4042-A054-85853CFE6850}.Debug|x86.ActiveCfg = Debug|Any CPU
		{5029B69A-A1B3-4042-A054-85853CFE6850}.Debug|x86.Build.0 = Debug|Any CPU
		{5029B69A-A1B3-4042-A054-85853CFE6850}.Release|Any CPU.ActiveCfg = Release|Any CPU
		{5029B69A-A1B3-4042-A054-85853CFE6850}.Release|Any CPU.Build.0 = Release|Any CPU
		{5029B69A-A1B3-4042-A054-85853CFE6850}.Release|x64.ActiveCfg = Release|Any CPU
		{5029B69A-A1B3-4042-A054-85853CFE6850}.Release|x64.Build.0 = Release|Any CPU
		{5029B69A-A1B3-4042-A054-85853CFE6850}.Release|x86.ActiveCfg = Release|Any CPU
		{5029B69A-A1B3-4042-A054-85853CFE6850}.Release|x86.Build.0 = Release|Any CPU
	EndGlobalSection
	GlobalSection(SolutionProperties) = preSolution
		HideSolutionNode = FALSE
	EndGlobalSection
EndGlobal
